// !$*UTF8*$!
{
	archiveVersion = 1;
	classes = {
	};
	objectVersion = 46;
	objects = {

/* Begin PBXBuildFile section */
		D926B5681FE01C8400930E63 /* AppDelegate.swift in Sources */ = {isa = PBXBuildFile; fileRef = D926B5671FE01C8400930E63 /* AppDelegate.swift */; };
		D926B56A1FE01C8400930E63 /* ViewController.swift in Sources */ = {isa = PBXBuildFile; fileRef = D926B5691FE01C8400930E63 /* ViewController.swift */; };
		D926B56D1FE01C8400930E63 /* Main.storyboard in Resources */ = {isa = PBXBuildFile; fileRef = D926B56B1FE01C8400930E63 /* Main.storyboard */; };
		D926B56F1FE01C8400930E63 /* Assets.xcassets in Resources */ = {isa = PBXBuildFile; fileRef = D926B56E1FE01C8400930E63 /* Assets.xcassets */; };
		D926B5721FE01C8400930E63 /* LaunchScreen.storyboard in Resources */ = {isa = PBXBuildFile; fileRef = D926B5701FE01C8400930E63 /* LaunchScreen.storyboard */; };
/* End PBXBuildFile section */

/* Begin PBXFileReference section */
		D926B5641FE01C8400930E63 /* waterfallFlowLayout.app */ = {isa = PBXFileReference; explicitFileType = wrapper.application; includeInIndex = 0; path = waterfallFlowLayout.app; sourceTree = BUILT_PRODUCTS_DIR; };
		D926B5671FE01C8400930E63 /* AppDelegate.swift */ = {isa = PBXFileReference; lastKnownFileType = sourcecode.swift; path = AppDelegate.swift; sourceTree = "<group>"; };
		D926B5691FE01C8400930E63 /* ViewController.swift */ = {isa = PBXFileReference; lastKnownFileType = sourcecode.swift; path = ViewController.swift; sourceTree = "<group>"; };
		D926B56C1FE01C8400930E63 /* Base */ = {isa = PBXFileReference; lastKnownFileType = file.storyboard; name = Base; path = Base.lproj/Main.storyboard; sourceTree = "<group>"; };
		D926B56E1FE01C8400930E63 /* Assets.xcassets */ = {isa = PBXFileReference; lastKnownFileType = folder.assetcatalog; path = Assets.xcassets; sourceTree = "<group>"; };
		D926B5711FE01C8400930E63 /* Base */ = {isa = PBXFileReference; lastKnownFileType = file.storyboard; name = Base; path = Base.lproj/LaunchScreen.storyboard; sourceTree = "<group>"; };
		D926B5731FE01C8400930E63 /* Info.plist */ = {isa = PBXFileReference; lastKnownFileType = text.plist.xml; path = Info.plist; sourceTree = "<group>"; };
/* End PBXFileReference section */

/* Begin PBXFrameworksBuildPhase section */
		D926B5611FE01C8400930E63 /* Frameworks */ = {
			isa = PBXFrameworksBuildPhase;
			buildActionMask = 2147483647;
			files = (
			);
			runOnlyForDeploymentPostprocessing = 0;
		};
/* End PBXFrameworksBuildPhase section */

/* Begin PBXGroup section */
		D926B55B1FE01C8400930E63 = {
			isa = PBXGroup;
			children = (
				D926B5661FE01C8400930E63 /* waterfallFlowLayout */,
				D926B5651FE01C8400930E63 /* Products */,
			);
			sourceTree = "<group>";
		};
		D926B5651FE01C8400930E63 /* Products */ = {
			isa = PBXGroup;
			children = (
				D926B5641FE01C8400930E63 /* waterfallFlowLayout.app */,
			);
			name = Products;
			sourceTree = "<group>";
		};
		D926B5661FE01C8400930E63 /* waterfallFlowLayout */ = {
			isa = PBXGroup;
			children = (
				D926B5671FE01C8400930E63 /* AppDelegate.swift */,
				D926B5691FE01C8400930E63 /* ViewController.swift */,
				D926B56B1FE01C8400930E63 /* Main.storyboard */,
				D926B56E1FE01C8400930E63 /* Assets.xcassets */,
				D926B5701FE01C8400930E63 /* LaunchScreen.storyboard */,
				D926B5731FE01C8400930E63 /* Info.plist */,
			);
			path = waterfallFlowLayout;
			sourceTree = "<group>";
		};
/* End PBXGroup section */

/* Begin PBXNativeTarget section */
		D926B5631FE01C8400930E63 /* waterfallFlowLayout */ = {
			isa = PBXNativeTarget;
			buildConfigurationList = D926B5761FE01C8400930E63 /* Build configuration list for PBXNativeTarget "waterfallFlowLayout" */;
			buildPhases = (
				D926B5601FE01C8400930E63 /* Sources */,
				D926B5611FE01C8400930E63 /* Frameworks */,
				D926B5621FE01C8400930E63 /* Resources */,
			);
			buildRules = (
			);
			dependencies = (
			);
			name = waterfallFlowLayout;
			productName = waterfallFlowLayout;
			productReference = D926B5641FE01C8400930E63 /* waterfallFlowLayout.app */;
			productType = "com.apple.product-type.application";
		};
/* End PBXNativeTarget section */

/* Begin PBXProject section */
		D926B55C1FE01C8400930E63 /* Project object */ = {
			isa = PBXProject;
			attributes = {
				LastSwiftUpdateCheck = 0830;
				LastUpgradeCheck = 0830;
				ORGANIZATIONNAME = kolamama;
				TargetAttributes = {
					D926B5631FE01C8400930E63 = {
						CreatedOnToolsVersion = 8.3.2;
						ProvisioningStyle = Automatic;
					};
				};
			};
			buildConfigurationList = D926B55F1FE01C8400930E63 /* Build configuration list for PBXProject "waterfallFlowLayout" */;
			compatibilityVersion = "Xcode 3.2";
			developmentRegion = English;
			hasScannedForEncodings = 0;
			knownRegions = (
				en,
				Base,
			);
			mainGroup = D926B55B1FE01C8400930E63;
			productRefGroup = D926B5651FE01C8400930E63 /* Products */;
			projectDirPath = "";
			projectRoot = "";
			targets = (
				D926B5631FE01C8400930E63 /* waterfallFlowLayout */,
			);
		};
/* End PBXProject section */

/* Begin PBXResourcesBuildPhase section */
		D926B5621FE01C8400930E63 /* Resources */ = {
			isa = PBXResourcesBuildPhase;
			buildActionMask = 2147483647;
			files = (
				D926B5721FE01C8400930E63 /* LaunchScreen.storyboard in Resources */,
				D926B56F1FE01C8400930E63 /* Assets.xcassets in Resources */,
				D926B56D1FE01C8400930E63 /* Main.storyboard in Resources */,
			);
			runOnlyForDeploymentPostprocessing = 0;
		};
/* End PBXResourcesBuildPhase section */

/* Begin PBXSourcesBuildPhase section */
		D926B5601FE01C8400930E63 /* Sources */ = {
			isa = PBXSourcesBuildPhase;
			buildActionMask = 2147483647;
			files = (
				D926B56A1FE01C8400930E63 /* ViewController.swift in Sources */,
				D926B5681FE01C8400930E63 /* AppDelegate.swift in Sources */,
			);
			runOnlyForDeploymentPostprocessing = 0;
		};
/* End PBXSourcesBuildPhase section */

/* Begin PBXVariantGroup section */
		D926B56B1FE01C8400930E63 /* Main.storyboard */ = {
			isa = PBXVariantGroup;
			children = (
				D926B56C1FE01C8400930E63 /* Base */,
			);
			name = Main.storyboard;
			sourceTree = "<group>";
		};
		D926B5701FE01C8400930E63 /* LaunchScreen.storyboard */ = {
			isa = PBXVariantGroup;
			children = (
				D926B5711FE01C8400930E63 /* Base */,
			);
			name = LaunchScreen.storyboard;
			sourceTree = "<group>";
		};
/* End PBXVariantGroup section */

/* Begin XCBuildConfiguration section */
		D926B5741FE01C8400930E63 /* Debug */ = {
			isa = XCBuildConfiguration;
			buildSettings = {
				ALWAYS_SEARCH_USER_PATHS = NO;
				CLANG_ANALYZER_NONNULL = YES;
				CLANG_ANALYZER_NUMBER_OBJECT_CONVERSION = YES_AGGRESSIVE;
				CLANG_CXX_LANGUAGE_STANDARD = "gnu++0x";
				CLANG_CXX_LIBRARY = "libc++";
				CLANG_ENABLE_MODULES = YES;
				CLANG_ENABLE_OBJC_ARC = YES;
				CLANG_WARN_BOOL_CONVERSION = YES;
				CLANG_WARN_CONSTANT_CONVERSION = YES;
				CLANG_WARN_DIRECT_OBJC_ISA_USAGE = YES_ERROR;
				CLANG_WARN_DOCUMENTATION_COMMENTS = YES;
				CLANG_WARN_EMPTY_BODY = YES;
				CLANG_WARN_ENUM_CONVERSION = YES;
				CLANG_WARN_INFINITE_RECURSION = YES;
				CLANG_WARN_INT_CONVERSION = YES;
				CLANG_WARN_OBJC_ROOT_CLASS = YES_ERROR;
				CLANG_WARN_SUSPICIOUS_MOVE = YES;
				CLANG_WARN_UNREACHABLE_CODE = YES;
				CLANG_WARN__DUPLICATE_METHOD_MATCH = YES;
				"CODE_SIGN_IDENTITY[sdk=iphoneos*]" = "iPhone Developer";
				COPY_PHASE_STRIP = NO;
				DEBUG_INFORMATION_FORMAT = dwarf;
				ENABLE_STRICT_OBJC_MSGSEND = YES;
				ENABLE_TESTABILITY = YES;
				GCC_C_LANGUAGE_STANDARD = gnu99;
				GCC_DYNAMIC_NO_PIC = NO;
				GCC_NO_COMMON_BLOCKS = YES;
				GCC_OPTIMIZATION_LEVEL = 0;
				GCC_PREPROCESSOR_DEFINITIONS = (
					"DEBUG=1",
					"$(inherited)",
				);
				GCC_WARN_64_TO_32_BIT_CONVERSION = YES;
				GCC_WARN_ABOUT_RETURN_TYPE = YES_ERROR;
				GCC_WARN_UNDECLARED_SELECTOR = YES;
				GCC_WARN_UNINITIALIZED_AUTOS = YES_AGGRESSIVE;
				GCC_WARN_UNUSED_FUNCTION = YES;
				GCC_WARN_UNUSED_VARIABLE = YES;
				IPHONEOS_DEPLOYMENT_TARGET = 10.3;
				MTL_ENABLE_DEBUG_INFO = YES;
				ONLY_ACTIVE_ARCH = YES;
				SDKROOT = iphoneos;
				SWIFT_ACTIVE_COMPILATION_CONDITIONS = DEBUG;
				SWIFT_OPTIMIZATION_LEVEL = "-Onone";
			};
			name = Debug;
		};
		D926B5751FE01C8400930E63 /* Release */ = {
			isa = XCBuildConfiguration;
			buildSettings = {
				ALWAYS_SEARCH_USER_PATHS = NO;
				CLANG_ANALYZER_NONNULL = YES;
				CLANG_ANALYZER_NUMBER_OBJECT_CONVERSION = YES_AGGRESSIVE;
				CLANG_CXX_LANGUAGE_STANDARD = "gnu++0x";
				CLANG_CXX_LIBRARY = "libc++";
				CLANG_ENABLE_MODULES = YES;
				CLANG_ENABLE_OBJC_ARC = YES;
				CLANG_WARN_BOOL_CONVERSION = YES;
				CLANG_WARN_CONSTANT_CONVERSION = YES;
				CLANG_WARN_DIRECT_OBJC_ISA_USAGE = YES_ERROR;
				CLANG_WARN_DOCUMENTATION_COMMENTS = YES;
				CLANG_WARN_EMPTY_BODY = YES;
				CLANG_WARN_ENUM_CONVERSION = YES;
				CLANG_WARN_INFINITE_RECURSION = YES;
				CLANG_WARN_INT_CONVERSION = YES;
				CLANG_WARN_OBJC_ROOT_CLASS = YES_ERROR;
				CLANG_WARN_SUSPICIOUS_MOVE = YES;
				CLANG_WARN_UNREACHABLE_CODE = YES;
				CLANG_WARN__DUPLICATE_METHOD_MATCH = YES;
				"CODE_SIGN_IDENTITY[sdk=iphoneos*]" = "iPhone Developer";
				COPY_PHASE_STRIP = NO;
				DEBUG_INFORMATION_FORMAT = "dwarf-with-dsym";
				ENABLE_NS_ASSERTIONS = NO;
				ENABLE_STRICT_OBJC_MSGSEND = YES;
				GCC_C_LANGUAGE_STANDARD = gnu99;
				GCC_NO_COMMON_BLOCKS = YES;
				GCC_WARN_64_TO_32_BIT_CONVERSION = YES;
				GCC_WARN_ABOUT_RETURN_TYPE = YES_ERROR;
				GCC_WARN_UNDECLARED_SELECTOR = YES;
				GCC_WARN_UNINITIALIZED_AUTOS = YES_AGGRESSIVE;
				GCC_WARN_UNUSED_FUNCTION = YES;
				GCC_WARN_UNUSED_VARIABLE = YES;
				IPHONEOS_DEPLOYMENT_TARGET = 10.3;
				MTL_ENABLE_DEBUG_INFO = NO;
				SDKROOT = iphoneos;
				SWIFT_OPTIMIZATION_LEVEL = "-Owholemodule";
				VALIDATE_PRODUCT = YES;
			};
			name = Release;
		};
		D926B5771FE01C8400930E63 /* Debug */ = {
			isa = XCBuildConfiguration;
			buildSettings = {
				ASSETCATALOG_COMPILER_APPICON_NAME = AppIcon;
				INFOPLIST_FILE = waterfallFlowLayout/Info.plist;
				LD_RUNPATH_SEARCH_PATHS = "$(inherited) @executable_path/Frameworks";
				PRODUCT_BUNDLE_IDENTIFIER = com.mama.waterfallFlowLayout;
				PRODUCT_NAME = "$(TARGET_NAME)";
				SWIFT_VERSION = 3.0;
			};
			name = Debug;
		};
		D926B5781FE01C8400930E63 /* Release */ = {
			isa = XCBuildConfiguration;
			buildSettings = {
				ASSETCATALOG_COMPILER_APPICON_NAME = AppIcon;
				INFOPLIST_FILE = waterfallFlowLayout/Info.plist;
				LD_RUNPATH_SEARCH_PATHS = "$(inherited) @executable_path/Frameworks";
				PRODUCT_BUNDLE_IDENTIFIER = com.mama.waterfallFlowLayout;
				PRODUCT_NAME = "$(TARGET_NAME)";
				SWIFT_VERSION = 3.0;
			};
			name = Release;
		};
/* End XCBuildConfiguration section */

/* Begin XCConfigurationList section */
		D926B55F1FE01C8400930E63 /* Build configuration list for PBXProject "waterfallFlowLayout" */ = {
			isa = XCConfigurationList;
			buildConfigurations = (
				D926B5741FE01C8400930E63 /* Debug */,
				D926B5751FE01C8400930E63 /* Release */,
			);
			defaultConfigurationIsVisible = 0;
			defaultConfigurationName = Release;
		};
		D926B5761FE01C8400930E63 /* Build configuration list for PBXNativeTarget "waterfallFlowLayout" */ = {
			isa = XCConfigurationList;
			buildConfigurations = (
				D926B5771FE01C8400930E63 /* Debug */,
				D926B5781FE01C8400930E63 /* Release */,
			);
			defaultConfigurationIsVisible = 0;
		};
/* End XCConfigurationList section */
	};
	rootObject = D926B55C1FE01C8400930E63 /* Project object */;
}
